{
  "name": "confeccaoTB",
  "lockfileVersion": 3,
  "requires": true,
  "packages": {
    "": {
      "dependencies": {
        "jquery": "^4.0.0",
        "jquery-mask-plugin": "^1.14.16"
      },
      "devDependencies": {
        "@types/jquery": "^4.0.0"
      }
    },
    "node_modules/@types/jquery": {
      "version": "4.0.0",
      "resolved": "https://registry.npmjs.org/@types/jquery/-/jquery-4.0.0.tgz",
      "integrity": "sha512-Z+to+A2VkaHq1DfI2oSwsoCdhCHMpTSgjWzNcbNlRGYzksDBpPUgEcAL+RQjOBJRaLoEAOHXxqDGBVP+BblBwg==",
      "dev": true,
      "license": "MIT"
    },
    "node_modules/jquery": {
      "version": "4.0.0",
      "resolved": "https://registry.npmjs.org/jquery/-/jquery-4.0.0.tgz",
      "integrity": "sha512-TXCHVR3Lb6TZdtw1l3RTLf8RBWVGexdxL6AC8/e0xZKEpBflBsjh9/8LXw+dkNFuOyW9B7iB3O1sP7hS0Kiacg==",
      "license": "MIT"
    },
    "node_modules/jquery-mask-plugin": {
      "version": "1.14.16",
      "resolved": "https://registry.npmjs.org/jquery-mask-plugin/-/jquery-mask-plugin-1.14.16.tgz",
      "integrity": "sha512-reywdHlYEkPbzWjTpcc1fk9XQ3PLvO5dzEAVqy8zI7NTF22tB1HbeU3iboZTLdkBEPaWAqeI2HtEjsGQ4roZKw==",
      "license": "MIT"
    }
  }
}
